{
    "version": 3,
    "terraform_version": "0.11.11",
    "serial": 12,
    "lineage": "a7f245b7-c8a9-1210-f5a7-c3d3881781ba",
    "modules": [
        {
            "path": [
                "root"
            ],
            "outputs": {},
            "resources": {
                "azurerm_container_registry.acr": {
                    "type": "azurerm_container_registry",
                    "depends_on": [
                        "azurerm_resource_group.kraken-core"
                    ],
                    "primary": {
                        "id": "/subscriptions/c9e497b4-56d8-4abb-ae32-82a97e44b7db/resourceGroups/kraken/providers/Microsoft.ContainerRegistry/registries/kraken",
                        "attributes": {
                            "admin_enabled": "false",
                            "admin_password": "",
                            "admin_username": "",
                            "id": "/subscriptions/c9e497b4-56d8-4abb-ae32-82a97e44b7db/resourceGroups/kraken/providers/Microsoft.ContainerRegistry/registries/kraken",
                            "location": "eastus",
                            "login_server": "kraken.azurecr.io",
                            "name": "kraken",
                            "resource_group_name": "kraken",
                            "sku": "Basic",
                            "tags.%": "0"
                        },
                        "meta": {
                            "schema_version": "2"
                        },
                        "tainted": false
                    },
                    "deposed": [],
                    "provider": "provider.azurerm"
                },
                "azurerm_key_vault.dev": {
                    "type": "azurerm_key_vault",
                    "depends_on": [
                        "azurerm_resource_group.dev"
                    ],
                    "primary": {
                        "id": "/subscriptions/c9e497b4-56d8-4abb-ae32-82a97e44b7db/resourceGroups/kraken-dev/providers/Microsoft.KeyVault/vaults/kraken-dev",
                        "attributes": {
                            "access_policy.#": "1",
                            "access_policy.0.application_id": "",
                            "access_policy.0.certificate_permissions.#": "0",
                            "access_policy.0.key_permissions.#": "3",
                            "access_policy.0.key_permissions.0": "get",
                            "access_policy.0.key_permissions.1": "create",
                            "access_policy.0.key_permissions.2": "list",
                            "access_policy.0.object_id": "4e10e28b-4502-4daa-a670-5c5fa6929a13",
                            "access_policy.0.secret_permissions.#": "3",
                            "access_policy.0.secret_permissions.0": "get",
                            "access_policy.0.secret_permissions.1": "set",
                            "access_policy.0.secret_permissions.2": "list",
                            "access_policy.0.tenant_id": "cb3ace77-d654-4d5e-b6c4-f2cd7de7bee6",
                            "enabled_for_deployment": "false",
                            "enabled_for_disk_encryption": "true",
                            "enabled_for_template_deployment": "false",
                            "id": "/subscriptions/c9e497b4-56d8-4abb-ae32-82a97e44b7db/resourceGroups/kraken-dev/providers/Microsoft.KeyVault/vaults/kraken-dev",
                            "location": "eastus",
                            "name": "kraken-dev",
                            "network_acls.#": "0",
                            "resource_group_name": "kraken-dev",
                            "sku.#": "1",
                            "sku.0.name": "standard",
                            "tags.%": "4",
                            "tags.app": "kraken",
                            "tags.created-by": "cory.cordell@cordell-tech.com",
                            "tags.created-date": "20190225",
                            "tags.environment": "development",
                            "tenant_id": "cb3ace77-d654-4d5e-b6c4-f2cd7de7bee6",
                            "vault_uri": "https://kraken-dev.vault.azure.net/"
                        },
                        "meta": {
                            "schema_version": "1"
                        },
                        "tainted": false
                    },
                    "deposed": [],
                    "provider": "provider.azurerm"
                },
                "azurerm_key_vault.prod": {
                    "type": "azurerm_key_vault",
                    "depends_on": [
                        "azurerm_resource_group.prod"
                    ],
                    "primary": {
                        "id": "/subscriptions/c9e497b4-56d8-4abb-ae32-82a97e44b7db/resourceGroups/kraken-prod/providers/Microsoft.KeyVault/vaults/kraken-prod",
                        "attributes": {
                            "access_policy.#": "1",
                            "access_policy.0.application_id": "",
                            "access_policy.0.certificate_permissions.#": "0",
                            "access_policy.0.key_permissions.#": "3",
                            "access_policy.0.key_permissions.0": "get",
                            "access_policy.0.key_permissions.1": "create",
                            "access_policy.0.key_permissions.2": "list",
                            "access_policy.0.object_id": "4e10e28b-4502-4daa-a670-5c5fa6929a13",
                            "access_policy.0.secret_permissions.#": "3",
                            "access_policy.0.secret_permissions.0": "get",
                            "access_policy.0.secret_permissions.1": "set",
                            "access_policy.0.secret_permissions.2": "list",
                            "access_policy.0.tenant_id": "cb3ace77-d654-4d5e-b6c4-f2cd7de7bee6",
                            "enabled_for_deployment": "false",
                            "enabled_for_disk_encryption": "true",
                            "enabled_for_template_deployment": "false",
                            "id": "/subscriptions/c9e497b4-56d8-4abb-ae32-82a97e44b7db/resourceGroups/kraken-prod/providers/Microsoft.KeyVault/vaults/kraken-prod",
                            "location": "eastus",
                            "name": "kraken-prod",
                            "network_acls.#": "0",
                            "resource_group_name": "kraken-prod",
                            "sku.#": "1",
                            "sku.0.name": "standard",
                            "tags.%": "4",
                            "tags.app": "kraken",
                            "tags.created-by": "cory.cordell@cordell-tech.com",
                            "tags.created-date": "20190225",
                            "tags.environment": "production",
                            "tenant_id": "cb3ace77-d654-4d5e-b6c4-f2cd7de7bee6",
                            "vault_uri": "https://kraken-prod.vault.azure.net/"
                        },
                        "meta": {
                            "schema_version": "1"
                        },
                        "tainted": false
                    },
                    "deposed": [],
                    "provider": "provider.azurerm"
                },
                "azurerm_key_vault.qa": {
                    "type": "azurerm_key_vault",
                    "depends_on": [
                        "azurerm_resource_group.qa"
                    ],
                    "primary": {
                        "id": "/subscriptions/c9e497b4-56d8-4abb-ae32-82a97e44b7db/resourceGroups/kraken-qa/providers/Microsoft.KeyVault/vaults/kraken-qa",
                        "attributes": {
                            "access_policy.#": "1",
                            "access_policy.0.application_id": "",
                            "access_policy.0.certificate_permissions.#": "0",
                            "access_policy.0.key_permissions.#": "3",
                            "access_policy.0.key_permissions.0": "get",
                            "access_policy.0.key_permissions.1": "create",
                            "access_policy.0.key_permissions.2": "list",
                            "access_policy.0.object_id": "4e10e28b-4502-4daa-a670-5c5fa6929a13",
                            "access_policy.0.secret_permissions.#": "3",
                            "access_policy.0.secret_permissions.0": "get",
                            "access_policy.0.secret_permissions.1": "set",
                            "access_policy.0.secret_permissions.2": "list",
                            "access_policy.0.tenant_id": "cb3ace77-d654-4d5e-b6c4-f2cd7de7bee6",
                            "enabled_for_deployment": "false",
                            "enabled_for_disk_encryption": "true",
                            "enabled_for_template_deployment": "false",
                            "id": "/subscriptions/c9e497b4-56d8-4abb-ae32-82a97e44b7db/resourceGroups/kraken-qa/providers/Microsoft.KeyVault/vaults/kraken-qa",
                            "location": "eastus",
                            "name": "kraken-qa",
                            "network_acls.#": "0",
                            "resource_group_name": "kraken-qa",
                            "sku.#": "1",
                            "sku.0.name": "standard",
                            "tags.%": "4",
                            "tags.app": "kraken",
                            "tags.created-by": "cory.cordell@cordell-tech.com",
                            "tags.created-date": "20190225",
                            "tags.environment": "qa",
                            "tenant_id": "cb3ace77-d654-4d5e-b6c4-f2cd7de7bee6",
                            "vault_uri": "https://kraken-qa.vault.azure.net/"
                        },
                        "meta": {
                            "schema_version": "1"
                        },
                        "tainted": false
                    },
                    "deposed": [],
                    "provider": "provider.azurerm"
                },
                "azurerm_public_ip.dev-api": {
                    "type": "azurerm_public_ip",
                    "depends_on": [
                        "data.azurerm_resource_group.packt-aks"
                    ],
                    "primary": {
                        "id": "/subscriptions/c9e497b4-56d8-4abb-ae32-82a97e44b7db/resourceGroups/MC_packt-aks_packt-aks_eastus/providers/Microsoft.Network/publicIPAddresses/kraken-dev-api",
                        "attributes": {
                            "allocation_method": "Static",
                            "id": "/subscriptions/c9e497b4-56d8-4abb-ae32-82a97e44b7db/resourceGroups/MC_packt-aks_packt-aks_eastus/providers/Microsoft.Network/publicIPAddresses/kraken-dev-api",
                            "idle_timeout_in_minutes": "4",
                            "ip_address": "52.179.126.24",
                            "ip_version": "IPv4",
                            "location": "eastus",
                            "name": "kraken-dev-api",
                            "public_ip_address_allocation": "Static",
                            "resource_group_name": "MC_packt-aks_packt-aks_eastus",
                            "sku": "Basic",
                            "tags.%": "4",
                            "tags.app": "kraken-api",
                            "tags.created-by": "cory.cordell@cordell-tech.com",
                            "tags.created-date": "20190225",
                            "tags.environment": "development",
                            "zones.#": "0"
                        },
                        "meta": {},
                        "tainted": false
                    },
                    "deposed": [],
                    "provider": "provider.azurerm"
                },
                "azurerm_public_ip.dev-ui": {
                    "type": "azurerm_public_ip",
                    "depends_on": [
                        "data.azurerm_resource_group.packt-aks"
                    ],
                    "primary": {
                        "id": "/subscriptions/c9e497b4-56d8-4abb-ae32-82a97e44b7db/resourceGroups/MC_packt-aks_packt-aks_eastus/providers/Microsoft.Network/publicIPAddresses/kraken-dev-ui",
                        "attributes": {
                            "allocation_method": "Static",
                            "id": "/subscriptions/c9e497b4-56d8-4abb-ae32-82a97e44b7db/resourceGroups/MC_packt-aks_packt-aks_eastus/providers/Microsoft.Network/publicIPAddresses/kraken-dev-ui",
                            "idle_timeout_in_minutes": "4",
                            "ip_address": "52.179.126.9",
                            "ip_version": "IPv4",
                            "location": "eastus",
                            "name": "kraken-dev-ui",
                            "public_ip_address_allocation": "Static",
                            "resource_group_name": "MC_packt-aks_packt-aks_eastus",
                            "sku": "Basic",
                            "tags.%": "4",
                            "tags.app": "kraken-ui",
                            "tags.created-by": "cory.cordell@cordell-tech.com",
                            "tags.created-date": "20190225",
                            "tags.environment": "development",
                            "zones.#": "0"
                        },
                        "meta": {},
                        "tainted": false
                    },
                    "deposed": [],
                    "provider": "provider.azurerm"
                },
                "azurerm_public_ip.prod-api": {
                    "type": "azurerm_public_ip",
                    "depends_on": [
                        "data.azurerm_resource_group.packt-aks"
                    ],
                    "primary": {
                        "id": "/subscriptions/c9e497b4-56d8-4abb-ae32-82a97e44b7db/resourceGroups/MC_packt-aks_packt-aks_eastus/providers/Microsoft.Network/publicIPAddresses/kraken-prod-api",
                        "attributes": {
                            "allocation_method": "Static",
                            "id": "/subscriptions/c9e497b4-56d8-4abb-ae32-82a97e44b7db/resourceGroups/MC_packt-aks_packt-aks_eastus/providers/Microsoft.Network/publicIPAddresses/kraken-prod-api",
                            "idle_timeout_in_minutes": "4",
                            "ip_address": "104.45.141.109",
                            "ip_version": "IPv4",
                            "location": "eastus",
                            "name": "kraken-prod-api",
                            "public_ip_address_allocation": "Static",
                            "resource_group_name": "MC_packt-aks_packt-aks_eastus",
                            "sku": "Basic",
                            "tags.%": "4",
                            "tags.app": "kraken-api",
                            "tags.created-by": "cory.cordell@cordell-tech.com",
                            "tags.created-date": "20190225",
                            "tags.environment": "production",
                            "zones.#": "0"
                        },
                        "meta": {},
                        "tainted": false
                    },
                    "deposed": [],
                    "provider": "provider.azurerm"
                },
                "azurerm_public_ip.prod-ui": {
                    "type": "azurerm_public_ip",
                    "depends_on": [
                        "data.azurerm_resource_group.packt-aks"
                    ],
                    "primary": {
                        "id": "/subscriptions/c9e497b4-56d8-4abb-ae32-82a97e44b7db/resourceGroups/MC_packt-aks_packt-aks_eastus/providers/Microsoft.Network/publicIPAddresses/kraken-prod-ui",
                        "attributes": {
                            "allocation_method": "Static",
                            "id": "/subscriptions/c9e497b4-56d8-4abb-ae32-82a97e44b7db/resourceGroups/MC_packt-aks_packt-aks_eastus/providers/Microsoft.Network/publicIPAddresses/kraken-prod-ui",
                            "idle_timeout_in_minutes": "4",
                            "ip_address": "157.56.179.88",
                            "ip_version": "IPv4",
                            "location": "eastus",
                            "name": "kraken-prod-ui",
                            "public_ip_address_allocation": "Static",
                            "resource_group_name": "MC_packt-aks_packt-aks_eastus",
                            "sku": "Basic",
                            "tags.%": "4",
                            "tags.app": "kraken-ui",
                            "tags.created-by": "cory.cordell@cordell-tech.com",
                            "tags.created-date": "20190225",
                            "tags.environment": "production",
                            "zones.#": "0"
                        },
                        "meta": {},
                        "tainted": false
                    },
                    "deposed": [],
                    "provider": "provider.azurerm"
                },
                "azurerm_public_ip.qa-api": {
                    "type": "azurerm_public_ip",
                    "depends_on": [
                        "data.azurerm_resource_group.packt-aks"
                    ],
                    "primary": {
                        "id": "/subscriptions/c9e497b4-56d8-4abb-ae32-82a97e44b7db/resourceGroups/MC_packt-aks_packt-aks_eastus/providers/Microsoft.Network/publicIPAddresses/kraken-qa-api",
                        "attributes": {
                            "allocation_method": "Static",
                            "id": "/subscriptions/c9e497b4-56d8-4abb-ae32-82a97e44b7db/resourceGroups/MC_packt-aks_packt-aks_eastus/providers/Microsoft.Network/publicIPAddresses/kraken-qa-api",
                            "idle_timeout_in_minutes": "4",
                            "ip_address": "52.186.11.5",
                            "ip_version": "IPv4",
                            "location": "eastus",
                            "name": "kraken-qa-api",
                            "public_ip_address_allocation": "Static",
                            "resource_group_name": "MC_packt-aks_packt-aks_eastus",
                            "sku": "Basic",
                            "tags.%": "4",
                            "tags.app": "kraken-api",
                            "tags.created-by": "cory.cordell@cordell-tech.com",
                            "tags.created-date": "20190225",
                            "tags.environment": "qa",
                            "zones.#": "0"
                        },
                        "meta": {},
                        "tainted": false
                    },
                    "deposed": [],
                    "provider": "provider.azurerm"
                },
                "azurerm_public_ip.qa-ui": {
                    "type": "azurerm_public_ip",
                    "depends_on": [
                        "data.azurerm_resource_group.packt-aks"
                    ],
                    "primary": {
                        "id": "/subscriptions/c9e497b4-56d8-4abb-ae32-82a97e44b7db/resourceGroups/MC_packt-aks_packt-aks_eastus/providers/Microsoft.Network/publicIPAddresses/kraken-qa-ui",
                        "attributes": {
                            "allocation_method": "Static",
                            "id": "/subscriptions/c9e497b4-56d8-4abb-ae32-82a97e44b7db/resourceGroups/MC_packt-aks_packt-aks_eastus/providers/Microsoft.Network/publicIPAddresses/kraken-qa-ui",
                            "idle_timeout_in_minutes": "4",
                            "ip_address": "104.45.152.158",
                            "ip_version": "IPv4",
                            "location": "eastus",
                            "name": "kraken-qa-ui",
                            "public_ip_address_allocation": "Static",
                            "resource_group_name": "MC_packt-aks_packt-aks_eastus",
                            "sku": "Basic",
                            "tags.%": "4",
                            "tags.app": "kraken-ui",
                            "tags.created-by": "cory.cordell@cordell-tech.com",
                            "tags.created-date": "20190225",
                            "tags.environment": "qa",
                            "zones.#": "0"
                        },
                        "meta": {},
                        "tainted": false
                    },
                    "deposed": [],
                    "provider": "provider.azurerm"
                },
                "azurerm_resource_group.dev": {
                    "type": "azurerm_resource_group",
                    "depends_on": [],
                    "primary": {
                        "id": "/subscriptions/c9e497b4-56d8-4abb-ae32-82a97e44b7db/resourceGroups/kraken-dev",
                        "attributes": {
                            "id": "/subscriptions/c9e497b4-56d8-4abb-ae32-82a97e44b7db/resourceGroups/kraken-dev",
                            "location": "eastus",
                            "name": "kraken-dev",
                            "tags.%": "4",
                            "tags.app": "kraken",
                            "tags.created-by": "cory.cordell@cordell-tech.com",
                            "tags.created-date": "20190225",
                            "tags.environment": "development"
                        },
                        "meta": {},
                        "tainted": false
                    },
                    "deposed": [],
                    "provider": "provider.azurerm"
                },
                "azurerm_resource_group.kraken-core": {
                    "type": "azurerm_resource_group",
                    "depends_on": [],
                    "primary": {
                        "id": "/subscriptions/c9e497b4-56d8-4abb-ae32-82a97e44b7db/resourceGroups/kraken",
                        "attributes": {
                            "id": "/subscriptions/c9e497b4-56d8-4abb-ae32-82a97e44b7db/resourceGroups/kraken",
                            "location": "eastus",
                            "name": "kraken",
                            "tags.%": "3",
                            "tags.app": "kraken",
                            "tags.created-by": "cory.cordell@cordell-tech.com",
                            "tags.created-date": "20190225"
                        },
                        "meta": {},
                        "tainted": false
                    },
                    "deposed": [],
                    "provider": "provider.azurerm"
                },
                "azurerm_resource_group.prod": {
                    "type": "azurerm_resource_group",
                    "depends_on": [],
                    "primary": {
                        "id": "/subscriptions/c9e497b4-56d8-4abb-ae32-82a97e44b7db/resourceGroups/kraken-prod",
                        "attributes": {
                            "id": "/subscriptions/c9e497b4-56d8-4abb-ae32-82a97e44b7db/resourceGroups/kraken-prod",
                            "location": "eastus",
                            "name": "kraken-prod",
                            "tags.%": "4",
                            "tags.app": "kraken",
                            "tags.created-by": "cory.cordell@cordell-tech.com",
                            "tags.created-date": "20190225",
                            "tags.environment": "production"
                        },
                        "meta": {},
                        "tainted": false
                    },
                    "deposed": [],
                    "provider": "provider.azurerm"
                },
                "azurerm_resource_group.qa": {
                    "type": "azurerm_resource_group",
                    "depends_on": [],
                    "primary": {
                        "id": "/subscriptions/c9e497b4-56d8-4abb-ae32-82a97e44b7db/resourceGroups/kraken-qa",
                        "attributes": {
                            "id": "/subscriptions/c9e497b4-56d8-4abb-ae32-82a97e44b7db/resourceGroups/kraken-qa",
                            "location": "eastus",
                            "name": "kraken-qa",
                            "tags.%": "4",
                            "tags.app": "kraken",
                            "tags.created-by": "cory.cordell@cordell-tech.com",
                            "tags.created-date": "20190225",
                            "tags.environment": "qa"
                        },
                        "meta": {},
                        "tainted": false
                    },
                    "deposed": [],
                    "provider": "provider.azurerm"
                },
                "data.azurerm_resource_group.packt-aks": {
                    "type": "azurerm_resource_group",
                    "depends_on": [],
                    "primary": {
                        "id": "/subscriptions/c9e497b4-56d8-4abb-ae32-82a97e44b7db/resourceGroups/MC_packt-aks_packt-aks_eastus",
                        "attributes": {
                            "id": "/subscriptions/c9e497b4-56d8-4abb-ae32-82a97e44b7db/resourceGroups/MC_packt-aks_packt-aks_eastus",
                            "location": "eastus",
                            "name": "MC_packt-aks_packt-aks_eastus",
                            "tags.%": "0"
                        },
                        "meta": {},
                        "tainted": false
                    },
                    "deposed": [],
                    "provider": "provider.azurerm"
                }
            },
            "depends_on": []
        }
    ]
}
