{
    "version": 3,
    "terraform_version": "0.11.11",
    "serial": 3,
    "lineage": "5a52b2d1-a814-b7dd-3d1c-39b2d9ca1fdb",
    "modules": [
        {
            "path": [
                "root"
            ],
            "outputs": {},
            "resources": {
                "azurerm_key_vault.main": {
                    "type": "azurerm_key_vault",
                    "depends_on": [
                        "azurerm_resource_group.main"
                    ],
                    "primary": {
                        "id": "/subscriptions/c9e497b4-56d8-4abb-ae32-82a97e44b7db/resourceGroups/packt-course/providers/Microsoft.KeyVault/vaults/packt-course",
                        "attributes": {
                            "access_policy.#": "1",
                            "access_policy.0.application_id": "",
                            "access_policy.0.certificate_permissions.#": "0",
                            "access_policy.0.key_permissions.#": "1",
                            "access_policy.0.key_permissions.0": "get",
                            "access_policy.0.object_id": "7294bc7c-d7ae-44a1-881c-d3f5066f4af4",
                            "access_policy.0.secret_permissions.#": "1",
                            "access_policy.0.secret_permissions.0": "get",
                            "access_policy.0.tenant_id": "cb3ace77-d654-4d5e-b6c4-f2cd7de7bee6",
                            "enabled_for_deployment": "false",
                            "enabled_for_disk_encryption": "true",
                            "enabled_for_template_deployment": "false",
                            "id": "/subscriptions/c9e497b4-56d8-4abb-ae32-82a97e44b7db/resourceGroups/packt-course/providers/Microsoft.KeyVault/vaults/packt-course",
                            "location": "eastus",
                            "name": "packt-course",
                            "network_acls.#": "0",
                            "resource_group_name": "packt-course",
                            "sku.#": "1",
                            "sku.0.name": "standard",
                            "tags.%": "3",
                            "tags.created-by": "cory.cordell@cordell-tech.com",
                            "tags.created-date": "20190214",
                            "tags.purpose": "packt-course",
                            "tenant_id": "cb3ace77-d654-4d5e-b6c4-f2cd7de7bee6",
                            "vault_uri": "https://packt-course.vault.azure.net/"
                        },
                        "meta": {
                            "schema_version": "1"
                        },
                        "tainted": false
                    },
                    "deposed": [],
                    "provider": "provider.azurerm"
                },
                "azurerm_resource_group.main": {
                    "type": "azurerm_resource_group",
                    "depends_on": [],
                    "primary": {
                        "id": "/subscriptions/c9e497b4-56d8-4abb-ae32-82a97e44b7db/resourceGroups/packt-course",
                        "attributes": {
                            "id": "/subscriptions/c9e497b4-56d8-4abb-ae32-82a97e44b7db/resourceGroups/packt-course",
                            "location": "eastus",
                            "name": "packt-course",
                            "tags.%": "3",
                            "tags.created-by": "cory.cordell@cordell-tech.com",
                            "tags.created-date": "20190214",
                            "tags.purpose": "packt-course"
                        },
                        "meta": {},
                        "tainted": false
                    },
                    "deposed": [],
                    "provider": "provider.azurerm"
                }
            },
            "depends_on": []
        }
    ]
}
